
Microsoft Visual Studio Solution File, Format Version 12.00
# Visual Studio Version 16
VisualStudioVersion = 16.0.29201.188
MinimumVisualStudioVersion = 10.0.40219.1
Project("{FAE04EC0-301F-11D3-BF4B-00C04F79EFBC}") = "XamarinApp.Android", "XamarinApp\XamarinApp.Android\XamarinApp.Android.csproj", "{E9FE2635-D10B-4285-93C1-FF1D81A036DC}"
EndProject
Project("{FAE04EC0-301F-11D3-BF4B-00C04F79EFBC}") = "XamarinApp.iOS", "XamarinApp\XamarinApp.iOS\XamarinApp.iOS.csproj", "{DB269413-EC0E-41D6-AC67-F06D1552F1C5}"
EndProject
Project("{9A19103F-16F7-4668-BE54-9A1E7A4F7556}") = "XamarinApp", "XamarinApp\XamarinApp\XamarinApp.csproj", "{CCD4F388-B3CB-4067-9081-4B8276A28864}"
EndProject
Project("{FAE04EC0-301F-11D3-BF4B-00C04F79EFBC}") = "XamarinApp.Models", "XamarinApp.Models\XamarinApp.Models.csproj", "{F94AE88E-0D2A-45C7-B1EA-EB237F7F95DE}"
EndProject
Project("{FAE04EC0-301F-11D3-BF4B-00C04F79EFBC}") = "XamarinApp.DatabaseAccess", "XamarinApp.DatabaseAccess\XamarinApp.DatabaseAccess.csproj", "{CD66EB6A-EC3F-4064-ACD6-26471F180E39}"
EndProject
Project("{FAE04EC0-301F-11D3-BF4B-00C04F79EFBC}") = "XamarinApp.BusinessLogic", "XamarinApp.BusinessLogic\XamarinApp.BusinessLogic.csproj", "{3221E73F-88E6-4287-8F32-A08FAC0C24FB}"
EndProject
Global
	GlobalSection(SolutionConfigurationPlatforms) = preSolution
		Debug|Any CPU = Debug|Any CPU
		Debug|iPhone = Debug|iPhone
		Debug|iPhoneSimulator = Debug|iPhoneSimulator
		Release|Any CPU = Release|Any CPU
		Release|iPhone = Release|iPhone
		Release|iPhoneSimulator = Release|iPhoneSimulator
	EndGlobalSection
	GlobalSection(ProjectConfigurationPlatforms) = postSolution
		{E9FE2635-D10B-4285-93C1-FF1D81A036DC}.Debug|Any CPU.ActiveCfg = Debug|Any CPU
		{E9FE2635-D10B-4285-93C1-FF1D81A036DC}.Debug|Any CPU.Build.0 = Debug|Any CPU
		{E9FE2635-D10B-4285-93C1-FF1D81A036DC}.Debug|Any CPU.Deploy.0 = Debug|Any CPU
		{E9FE2635-D10B-4285-93C1-FF1D81A036DC}.Debug|iPhone.ActiveCfg = Debug|Any CPU
		{E9FE2635-D10B-4285-93C1-FF1D81A036DC}.Debug|iPhone.Build.0 = Debug|Any CPU
		{E9FE2635-D10B-4285-93C1-FF1D81A036DC}.Debug|iPhone.Deploy.0 = Debug|Any CPU
		{E9FE2635-D10B-4285-93C1-FF1D81A036DC}.Debug|iPhoneSimulator.ActiveCfg = Debug|Any CPU
		{E9FE2635-D10B-4285-93C1-FF1D81A036DC}.Debug|iPhoneSimulator.Build.0 = Debug|Any CPU
		{E9FE2635-D10B-4285-93C1-FF1D81A036DC}.Debug|iPhoneSimulator.Deploy.0 = Debug|Any CPU
		{E9FE2635-D10B-4285-93C1-FF1D81A036DC}.Release|Any CPU.ActiveCfg = Release|Any CPU
		{E9FE2635-D10B-4285-93C1-FF1D81A036DC}.Release|Any CPU.Build.0 = Release|Any CPU
		{E9FE2635-D10B-4285-93C1-FF1D81A036DC}.Release|Any CPU.Deploy.0 = Release|Any CPU
		{E9FE2635-D10B-4285-93C1-FF1D81A036DC}.Release|iPhone.ActiveCfg = Release|Any CPU
		{E9FE2635-D10B-4285-93C1-FF1D81A036DC}.Release|iPhone.Build.0 = Release|Any CPU
		{E9FE2635-D10B-4285-93C1-FF1D81A036DC}.Release|iPhone.Deploy.0 = Release|Any CPU
		{E9FE2635-D10B-4285-93C1-FF1D81A036DC}.Release|iPhoneSimulator.ActiveCfg = Release|Any CPU
		{E9FE2635-D10B-4285-93C1-FF1D81A036DC}.Release|iPhoneSimulator.Build.0 = Release|Any CPU
		{E9FE2635-D10B-4285-93C1-FF1D81A036DC}.Release|iPhoneSimulator.Deploy.0 = Release|Any CPU
		{DB269413-EC0E-41D6-AC67-F06D1552F1C5}.Debug|Any CPU.ActiveCfg = Debug|iPhoneSimulator
		{DB269413-EC0E-41D6-AC67-F06D1552F1C5}.Debug|Any CPU.Build.0 = Debug|iPhoneSimulator
		{DB269413-EC0E-41D6-AC67-F06D1552F1C5}.Debug|Any CPU.Deploy.0 = Debug|iPhoneSimulator
		{DB269413-EC0E-41D6-AC67-F06D1552F1C5}.Debug|iPhone.ActiveCfg = Debug|iPhone
		{DB269413-EC0E-41D6-AC67-F06D1552F1C5}.Debug|iPhone.Build.0 = Debug|iPhone
		{DB269413-EC0E-41D6-AC67-F06D1552F1C5}.Debug|iPhone.Deploy.0 = Debug|iPhone
		{DB269413-EC0E-41D6-AC67-F06D1552F1C5}.Debug|iPhoneSimulator.ActiveCfg = Debug|iPhoneSimulator
		{DB269413-EC0E-41D6-AC67-F06D1552F1C5}.Debug|iPhoneSimulator.Build.0 = Debug|iPhoneSimulator
		{DB269413-EC0E-41D6-AC67-F06D1552F1C5}.Debug|iPhoneSimulator.Deploy.0 = Debug|iPhoneSimulator
		{DB269413-EC0E-41D6-AC67-F06D1552F1C5}.Release|Any CPU.ActiveCfg = Release|iPhone
		{DB269413-EC0E-41D6-AC67-F06D1552F1C5}.Release|Any CPU.Build.0 = Release|iPhone
		{DB269413-EC0E-41D6-AC67-F06D1552F1C5}.Release|Any CPU.Deploy.0 = Release|iPhone
		{DB269413-EC0E-41D6-AC67-F06D1552F1C5}.Release|iPhone.ActiveCfg = Release|iPhone
		{DB269413-EC0E-41D6-AC67-F06D1552F1C5}.Release|iPhone.Build.0 = Release|iPhone
		{DB269413-EC0E-41D6-AC67-F06D1552F1C5}.Release|iPhone.Deploy.0 = Release|iPhone
		{DB269413-EC0E-41D6-AC67-F06D1552F1C5}.Release|iPhoneSimulator.ActiveCfg = Release|iPhoneSimulator
		{DB269413-EC0E-41D6-AC67-F06D1552F1C5}.Release|iPhoneSimulator.Build.0 = Release|iPhoneSimulator
		{DB269413-EC0E-41D6-AC67-F06D1552F1C5}.Release|iPhoneSimulator.Deploy.0 = Release|iPhoneSimulator
		{CCD4F388-B3CB-4067-9081-4B8276A28864}.Debug|Any CPU.ActiveCfg = Debug|Any CPU
		{CCD4F388-B3CB-4067-9081-4B8276A28864}.Debug|Any CPU.Build.0 = Debug|Any CPU
		{CCD4F388-B3CB-4067-9081-4B8276A28864}.Debug|Any CPU.Deploy.0 = Debug|Any CPU
		{CCD4F388-B3CB-4067-9081-4B8276A28864}.Debug|iPhone.ActiveCfg = Debug|Any CPU
		{CCD4F388-B3CB-4067-9081-4B8276A28864}.Debug|iPhone.Build.0 = Debug|Any CPU
		{CCD4F388-B3CB-4067-9081-4B8276A28864}.Debug|iPhone.Deploy.0 = Debug|Any CPU
		{CCD4F388-B3CB-4067-9081-4B8276A28864}.Debug|iPhoneSimulator.ActiveCfg = Debug|Any CPU
		{CCD4F388-B3CB-4067-9081-4B8276A28864}.Debug|iPhoneSimulator.Build.0 = Debug|Any CPU
		{CCD4F388-B3CB-4067-9081-4B8276A28864}.Debug|iPhoneSimulator.Deploy.0 = Debug|Any CPU
		{CCD4F388-B3CB-4067-9081-4B8276A28864}.Release|Any CPU.ActiveCfg = Release|Any CPU
		{CCD4F388-B3CB-4067-9081-4B8276A28864}.Release|Any CPU.Build.0 = Release|Any CPU
		{CCD4F388-B3CB-4067-9081-4B8276A28864}.Release|Any CPU.Deploy.0 = Release|Any CPU
		{CCD4F388-B3CB-4067-9081-4B8276A28864}.Release|iPhone.ActiveCfg = Release|Any CPU
		{CCD4F388-B3CB-4067-9081-4B8276A28864}.Release|iPhone.Build.0 = Release|Any CPU
		{CCD4F388-B3CB-4067-9081-4B8276A28864}.Release|iPhone.Deploy.0 = Release|Any CPU
		{CCD4F388-B3CB-4067-9081-4B8276A28864}.Release|iPhoneSimulator.ActiveCfg = Release|Any CPU
		{CCD4F388-B3CB-4067-9081-4B8276A28864}.Release|iPhoneSimulator.Build.0 = Release|Any CPU
		{CCD4F388-B3CB-4067-9081-4B8276A28864}.Release|iPhoneSimulator.Deploy.0 = Release|Any CPU
		{F94AE88E-0D2A-45C7-B1EA-EB237F7F95DE}.Debug|Any CPU.ActiveCfg = Debug|Any CPU
		{F94AE88E-0D2A-45C7-B1EA-EB237F7F95DE}.Debug|Any CPU.Build.0 = Debug|Any CPU
		{F94AE88E-0D2A-45C7-B1EA-EB237F7F95DE}.Debug|iPhone.ActiveCfg = Debug|Any CPU
		{F94AE88E-0D2A-45C7-B1EA-EB237F7F95DE}.Debug|iPhone.Build.0 = Debug|Any CPU
		{F94AE88E-0D2A-45C7-B1EA-EB237F7F95DE}.Debug|iPhoneSimulator.ActiveCfg = Debug|Any CPU
		{F94AE88E-0D2A-45C7-B1EA-EB237F7F95DE}.Debug|iPhoneSimulator.Build.0 = Debug|Any CPU
		{F94AE88E-0D2A-45C7-B1EA-EB237F7F95DE}.Release|Any CPU.ActiveCfg = Release|Any CPU
		{F94AE88E-0D2A-45C7-B1EA-EB237F7F95DE}.Release|Any CPU.Build.0 = Release|Any CPU
		{F94AE88E-0D2A-45C7-B1EA-EB237F7F95DE}.Release|iPhone.ActiveCfg = Release|Any CPU
		{F94AE88E-0D2A-45C7-B1EA-EB237F7F95DE}.Release|iPhone.Build.0 = Release|Any CPU
		{F94AE88E-0D2A-45C7-B1EA-EB237F7F95DE}.Release|iPhoneSimulator.ActiveCfg = Release|Any CPU
		{F94AE88E-0D2A-45C7-B1EA-EB237F7F95DE}.Release|iPhoneSimulator.Build.0 = Release|Any CPU
		{CD66EB6A-EC3F-4064-ACD6-26471F180E39}.Debug|Any CPU.ActiveCfg = Debug|Any CPU
		{CD66EB6A-EC3F-4064-ACD6-26471F180E39}.Debug|Any CPU.Build.0 = Debug|Any CPU
		{CD66EB6A-EC3F-4064-ACD6-26471F180E39}.Debug|iPhone.ActiveCfg = Debug|Any CPU
		{CD66EB6A-EC3F-4064-ACD6-26471F180E39}.Debug|iPhone.Build.0 = Debug|Any CPU
		{CD66EB6A-EC3F-4064-ACD6-26471F180E39}.Debug|iPhoneSimulator.ActiveCfg = Debug|Any CPU
		{CD66EB6A-EC3F-4064-ACD6-26471F180E39}.Debug|iPhoneSimulator.Build.0 = Debug|Any CPU
		{CD66EB6A-EC3F-4064-ACD6-26471F180E39}.Release|Any CPU.ActiveCfg = Release|Any CPU
		{CD66EB6A-EC3F-4064-ACD6-26471F180E39}.Release|Any CPU.Build.0 = Release|Any CPU
		{CD66EB6A-EC3F-4064-ACD6-26471F180E39}.Release|iPhone.ActiveCfg = Release|Any CPU
		{CD66EB6A-EC3F-4064-ACD6-26471F180E39}.Release|iPhone.Build.0 = Release|Any CPU
		{CD66EB6A-EC3F-4064-ACD6-26471F180E39}.Release|iPhoneSimulator.ActiveCfg = Release|Any CPU
		{CD66EB6A-EC3F-4064-ACD6-26471F180E39}.Release|iPhoneSimulator.Build.0 = Release|Any CPU
		{3221E73F-88E6-4287-8F32-A08FAC0C24FB}.Debug|Any CPU.ActiveCfg = Debug|Any CPU
		{3221E73F-88E6-4287-8F32-A08FAC0C24FB}.Debug|Any CPU.Build.0 = Debug|Any CPU
		{3221E73F-88E6-4287-8F32-A08FAC0C24FB}.Debug|iPhone.ActiveCfg = Debug|Any CPU
		{3221E73F-88E6-4287-8F32-A08FAC0C24FB}.Debug|iPhone.Build.0 = Debug|Any CPU
		{3221E73F-88E6-4287-8F32-A08FAC0C24FB}.Debug|iPhoneSimulator.ActiveCfg = Debug|Any CPU
		{3221E73F-88E6-4287-8F32-A08FAC0C24FB}.Debug|iPhoneSimulator.Build.0 = Debug|Any CPU
		{3221E73F-88E6-4287-8F32-A08FAC0C24FB}.Release|Any CPU.ActiveCfg = Release|Any CPU
		{3221E73F-88E6-4287-8F32-A08FAC0C24FB}.Release|Any CPU.Build.0 = Release|Any CPU
		{3221E73F-88E6-4287-8F32-A08FAC0C24FB}.Release|iPhone.ActiveCfg = Release|Any CPU
		{3221E73F-88E6-4287-8F32-A08FAC0C24FB}.Release|iPhone.Build.0 = Release|Any CPU
		{3221E73F-88E6-4287-8F32-A08FAC0C24FB}.Release|iPhoneSimulator.ActiveCfg = Release|Any CPU
		{3221E73F-88E6-4287-8F32-A08FAC0C24FB}.Release|iPhoneSimulator.Build.0 = Release|Any CPU
	EndGlobalSection
	GlobalSection(SolutionProperties) = preSolution
		HideSolutionNode = FALSE
	EndGlobalSection
	GlobalSection(ExtensibilityGlobals) = postSolution
		SolutionGuid = {8ABD3A73-C49E-4E2D-91E8-F777E1B08603}
	EndGlobalSection
EndGlobal
